
Microsoft Visual Studio Solution File, Format Version 12.00
# Visual Studio Version 16
VisualStudioVersion = 16.0.30621.155
MinimumVisualStudioVersion = 10.0.40219.1
Project("{FAE04EC0-301F-11D3-BF4B-00C04F79EFBC}") = "CC01.WINFORM", "CC01.BO\CC01.WINFORM.csproj", "{58E08BE2-4CC7-41B6-A278-FEEA9C9F7B41}"
EndProject
Project("{FAE04EC0-301F-11D3-BF4B-00C04F79EFBC}") = "CC01.BLL", "CC01.BLL\CC01.BLL.csproj", "{54CD89C5-0F7F-4B2D-BA75-0DCF871F9996}"
EndProject
Project("{FAE04EC0-301F-11D3-BF4B-00C04F79EFBC}") = "BO", "BO\BO.csproj", "{83A7F534-52BC-40D5-B755-DA846851005C}"
EndProject
Project("{FAE04EC0-301F-11D3-BF4B-00C04F79EFBC}") = "CC01.DAL", "CC01.DAL\CC01.DAL.csproj", "{F3E821FA-E358-4557-9C97-C566FC4C7632}"
EndProject
Global
	GlobalSection(SolutionConfigurationPlatforms) = preSolution
		Debug|Any CPU = Debug|Any CPU
		Release|Any CPU = Release|Any CPU
	EndGlobalSection
	GlobalSection(ProjectConfigurationPlatforms) = postSolution
		{58E08BE2-4CC7-41B6-A278-FEEA9C9F7B41}.Debug|Any CPU.ActiveCfg = Debug|Any CPU
		{58E08BE2-4CC7-41B6-A278-FEEA9C9F7B41}.Debug|Any CPU.Build.0 = Debug|Any CPU
		{58E08BE2-4CC7-41B6-A278-FEEA9C9F7B41}.Release|Any CPU.ActiveCfg = Release|Any CPU
		{58E08BE2-4CC7-41B6-A278-FEEA9C9F7B41}.Release|Any CPU.Build.0 = Release|Any CPU
		{54CD89C5-0F7F-4B2D-BA75-0DCF871F9996}.Debug|Any CPU.ActiveCfg = Debug|Any CPU
		{54CD89C5-0F7F-4B2D-BA75-0DCF871F9996}.Debug|Any CPU.Build.0 = Debug|Any CPU
		{54CD89C5-0F7F-4B2D-BA75-0DCF871F9996}.Release|Any CPU.ActiveCfg = Release|Any CPU
		{54CD89C5-0F7F-4B2D-BA75-0DCF871F9996}.Release|Any CPU.Build.0 = Release|Any CPU
		{83A7F534-52BC-40D5-B755-DA846851005C}.Debug|Any CPU.ActiveCfg = Debug|Any CPU
		{83A7F534-52BC-40D5-B755-DA846851005C}.Debug|Any CPU.Build.0 = Debug|Any CPU
		{83A7F534-52BC-40D5-B755-DA846851005C}.Release|Any CPU.ActiveCfg = Release|Any CPU
		{83A7F534-52BC-40D5-B755-DA846851005C}.Release|Any CPU.Build.0 = Release|Any CPU
		{F3E821FA-E358-4557-9C97-C566FC4C7632}.Debug|Any CPU.ActiveCfg = Debug|Any CPU
		{F3E821FA-E358-4557-9C97-C566FC4C7632}.Debug|Any CPU.Build.0 = Debug|Any CPU
		{F3E821FA-E358-4557-9C97-C566FC4C7632}.Release|Any CPU.ActiveCfg = Release|Any CPU
		{F3E821FA-E358-4557-9C97-C566FC4C7632}.Release|Any CPU.Build.0 = Release|Any CPU
	EndGlobalSection
	GlobalSection(SolutionProperties) = preSolution
		HideSolutionNode = FALSE
	EndGlobalSection
	GlobalSection(ExtensibilityGlobals) = postSolution
		SolutionGuid = {2E2D6EC7-12B5-4C25-89A3-BEDA06E2E5A9}
	EndGlobalSection
EndGlobal
